
Microsoft Visual Studio Solution File, Format Version 12.00
# Visual Studio Version 17
VisualStudioVersion = 17.5.33516.290
MinimumVisualStudioVersion = 10.0.40219.1
Project("{FAE04EC0-301F-11D3-BF4B-00C04F79EFBC}") = "WPFModelView", "WPFModelView\WPFModelView.csproj", "{2FB7A767-B2D2-4877-BD01-FF0050A2F8FF}"
EndProject
Project("{FAE04EC0-301F-11D3-BF4B-00C04F79EFBC}") = "WPFView", "WPFView\WPFView.csproj", "{690A2044-FF4A-4FFC-9672-E7066146912E}"
EndProject
Project("{FAE04EC0-301F-11D3-BF4B-00C04F79EFBC}") = "WPFModel", "WPFModel\WPFModel.csproj", "{FA748598-416B-4D86-B27A-F2A1D8847939}"
EndProject
Global
	GlobalSection(SolutionConfigurationPlatforms) = preSolution
		Debug|Any CPU = Debug|Any CPU
		Release|Any CPU = Release|Any CPU
	EndGlobalSection
	GlobalSection(ProjectConfigurationPlatforms) = postSolution
		{2FB7A767-B2D2-4877-BD01-FF0050A2F8FF}.Debug|Any CPU.ActiveCfg = Debug|Any CPU
		{2FB7A767-B2D2-4877-BD01-FF0050A2F8FF}.Debug|Any CPU.Build.0 = Debug|Any CPU
		{2FB7A767-B2D2-4877-BD01-FF0050A2F8FF}.Release|Any CPU.ActiveCfg = Release|Any CPU
		{2FB7A767-B2D2-4877-BD01-FF0050A2F8FF}.Release|Any CPU.Build.0 = Release|Any CPU
		{690A2044-FF4A-4FFC-9672-E7066146912E}.Debug|Any CPU.ActiveCfg = Debug|Any CPU
		{690A2044-FF4A-4FFC-9672-E7066146912E}.Debug|Any CPU.Build.0 = Debug|Any CPU
		{690A2044-FF4A-4FFC-9672-E7066146912E}.Release|Any CPU.ActiveCfg = Release|Any CPU
		{690A2044-FF4A-4FFC-9672-E7066146912E}.Release|Any CPU.Build.0 = Release|Any CPU
		{FA748598-416B-4D86-B27A-F2A1D8847939}.Debug|Any CPU.ActiveCfg = Debug|Any CPU
		{FA748598-416B-4D86-B27A-F2A1D8847939}.Debug|Any CPU.Build.0 = Debug|Any CPU
		{FA748598-416B-4D86-B27A-F2A1D8847939}.Release|Any CPU.ActiveCfg = Release|Any CPU
		{FA748598-416B-4D86-B27A-F2A1D8847939}.Release|Any CPU.Build.0 = Release|Any CPU
	EndGlobalSection
	GlobalSection(SolutionProperties) = preSolution
		HideSolutionNode = FALSE
	EndGlobalSection
	GlobalSection(ExtensibilityGlobals) = postSolution
		SolutionGuid = {52D289CC-9C7E-45E7-A12E-AC94E51814CE}
	EndGlobalSection
EndGlobal
